PODS:
  - Alamofire (5.4.4)
  - IQKeyboardManagerSwift (6.5.6)
  - Kingfisher (7.0.0)
  - NVActivityIndicatorView (5.1.1):
    - NVActivityIndicatorView/Base (= 5.1.1)
  - NVActivityIndicatorView/Base (5.1.1)
  - SideMenu (6.5.0)

DEPENDENCIES:
  - Alamofire (~> 5.4)
  - IQKeyboardManagerSwift
  - Kingfisher (~> 7.0)
  - NVActivityIndicatorView
  - SideMenu (~> 6.0)

SPEC REPOS:
  trunk:
    - Alamofire
    - IQKeyboardManagerSwift
    - Kingfisher
    - NVActivityIndicatorView
    - SideMenu

SPEC CHECKSUMS:
  Alamofire: f3b09a368f1582ab751b3fff5460276e0d2cf5c9
  IQKeyboardManagerSwift: c7df9d2deb356c04522f5c4b7b6e4ce4d8ed94fe
  Kingfisher: 5efc54fec3980f92354898532e562cc17f31efb4
  NVActivityIndicatorView: 1f6c5687f1171810aa27a3296814dc2d7dec3667
  SideMenu: f583187d21c5b1dd04c72002be544b555a2627a2

PODFILE CHECKSUM: c11e9596aeceaf8525ff48154be3e55a06159877

COCOAPODS: 1.11.0
