// !$*UTF8*$!
{
	archiveVersion = 1;
	classes = {
	};
	objectVersion = 55;
	objects = {

/* Begin PBXBuildFile section */
		C36B7001270CCD3D00E641D5 /* AppDelegate.swift in Sources */ = {isa = PBXBuildFile; fileRef = C36B7000270CCD3D00E641D5 /* AppDelegate.swift */; };
		C36B7003270CCD3D00E641D5 /* SceneDelegate.swift in Sources */ = {isa = PBXBuildFile; fileRef = C36B7002270CCD3D00E641D5 /* SceneDelegate.swift */; };
		C36B7005270CCD3D00E641D5 /* HomeViewController.swift in Sources */ = {isa = PBXBuildFile; fileRef = C36B7004270CCD3D00E641D5 /* HomeViewController.swift */; };
		C36B7008270CCD3D00E641D5 /* Main.storyboard in Resources */ = {isa = PBXBuildFile; fileRef = C36B7006270CCD3D00E641D5 /* Main.storyboard */; };
		C36B700A270CCD4000E641D5 /* Assets.xcassets in Resources */ = {isa = PBXBuildFile; fileRef = C36B7009270CCD4000E641D5 /* Assets.xcassets */; };
		C36B700D270CCD4000E641D5 /* LaunchScreen.storyboard in Resources */ = {isa = PBXBuildFile; fileRef = C36B700B270CCD4000E641D5 /* LaunchScreen.storyboard */; };
		C36B7015270CF26C00E641D5 /* PlayerStatsViewController.swift in Sources */ = {isa = PBXBuildFile; fileRef = C36B7014270CF26C00E641D5 /* PlayerStatsViewController.swift */; };
		C373CA022716A77F002E6877 /* SideMenuViewController.swift in Sources */ = {isa = PBXBuildFile; fileRef = C373CA012716A77F002E6877 /* SideMenuViewController.swift */; };
		C3B668B1270F789700161C21 /* PlayerRequestManager.swift in Sources */ = {isa = PBXBuildFile; fileRef = C3B668B0270F789700161C21 /* PlayerRequestManager.swift */; };
		C3B668B5270F825E00161C21 /* PlayerData.swift in Sources */ = {isa = PBXBuildFile; fileRef = C3B668B4270F825E00161C21 /* PlayerData.swift */; };
		C3B668B7270F8C4F00161C21 /* PlayerModel.swift in Sources */ = {isa = PBXBuildFile; fileRef = C3B668B6270F8C4F00161C21 /* PlayerModel.swift */; };
		C3D015552714D02000A8BAC8 /* WeaponsStatsViewController.swift in Sources */ = {isa = PBXBuildFile; fileRef = C3D015542714D02000A8BAC8 /* WeaponsStatsViewController.swift */; };
		C3D015592714E5F200A8BAC8 /* ChosenCategoryViewController.swift in Sources */ = {isa = PBXBuildFile; fileRef = C3D015582714E5F200A8BAC8 /* ChosenCategoryViewController.swift */; };
		DE864E323B8A431F0F097959 /* Pods_CSDB_working.framework in Frameworks */ = {isa = PBXBuildFile; fileRef = A7D912D74249CD251F02A74C /* Pods_CSDB_working.framework */; };
/* End PBXBuildFile section */

/* Begin PBXFileReference section */
		00C90AEA621EB4C741F8A0C8 /* Pods-CSDB-working.debug.xcconfig */ = {isa = PBXFileReference; includeInIndex = 1; lastKnownFileType = text.xcconfig; name = "Pods-CSDB-working.debug.xcconfig"; path = "Target Support Files/Pods-CSDB-working/Pods-CSDB-working.debug.xcconfig"; sourceTree = "<group>"; };
		9C1BE6A2B0BE83249243FE5E /* Pods-CSDB-working.release.xcconfig */ = {isa = PBXFileReference; includeInIndex = 1; lastKnownFileType = text.xcconfig; name = "Pods-CSDB-working.release.xcconfig"; path = "Target Support Files/Pods-CSDB-working/Pods-CSDB-working.release.xcconfig"; sourceTree = "<group>"; };
		A7D912D74249CD251F02A74C /* Pods_CSDB_working.framework */ = {isa = PBXFileReference; explicitFileType = wrapper.framework; includeInIndex = 0; path = Pods_CSDB_working.framework; sourceTree = BUILT_PRODUCTS_DIR; };
		C36B6FFD270CCD3D00E641D5 /* CSDB-working.app */ = {isa = PBXFileReference; explicitFileType = wrapper.application; includeInIndex = 0; path = "CSDB-working.app"; sourceTree = BUILT_PRODUCTS_DIR; };
		C36B7000270CCD3D00E641D5 /* AppDelegate.swift */ = {isa = PBXFileReference; lastKnownFileType = sourcecode.swift; path = AppDelegate.swift; sourceTree = "<group>"; };
		C36B7002270CCD3D00E641D5 /* SceneDelegate.swift */ = {isa = PBXFileReference; lastKnownFileType = sourcecode.swift; path = SceneDelegate.swift; sourceTree = "<group>"; };
		C36B7004270CCD3D00E641D5 /* HomeViewController.swift */ = {isa = PBXFileReference; lastKnownFileType = sourcecode.swift; path = HomeViewController.swift; sourceTree = "<group>"; };
		C36B7007270CCD3D00E641D5 /* Base */ = {isa = PBXFileReference; lastKnownFileType = file.storyboard; name = Base; path = Base.lproj/Main.storyboard; sourceTree = "<group>"; };
		C36B7009270CCD4000E641D5 /* Assets.xcassets */ = {isa = PBXFileReference; lastKnownFileType = folder.assetcatalog; path = Assets.xcassets; sourceTree = "<group>"; };
		C36B700C270CCD4000E641D5 /* Base */ = {isa = PBXFileReference; lastKnownFileType = file.storyboard; name = Base; path = Base.lproj/LaunchScreen.storyboard; sourceTree = "<group>"; };
		C36B700E270CCD4000E641D5 /* Info.plist */ = {isa = PBXFileReference; lastKnownFileType = text.plist.xml; path = Info.plist; sourceTree = "<group>"; };
		C36B7014270CF26C00E641D5 /* PlayerStatsViewController.swift */ = {isa = PBXFileReference; lastKnownFileType = sourcecode.swift; path = PlayerStatsViewController.swift; sourceTree = "<group>"; };
		C373CA012716A77F002E6877 /* SideMenuViewController.swift */ = {isa = PBXFileReference; lastKnownFileType = sourcecode.swift; path = SideMenuViewController.swift; sourceTree = "<group>"; };
		C3B668B0270F789700161C21 /* PlayerRequestManager.swift */ = {isa = PBXFileReference; lastKnownFileType = sourcecode.swift; path = PlayerRequestManager.swift; sourceTree = "<group>"; };
		C3B668B4270F825E00161C21 /* PlayerData.swift */ = {isa = PBXFileReference; lastKnownFileType = sourcecode.swift; path = PlayerData.swift; sourceTree = "<group>"; };
		C3B668B6270F8C4F00161C21 /* PlayerModel.swift */ = {isa = PBXFileReference; lastKnownFileType = sourcecode.swift; path = PlayerModel.swift; sourceTree = "<group>"; };
		C3D015542714D02000A8BAC8 /* WeaponsStatsViewController.swift */ = {isa = PBXFileReference; lastKnownFileType = sourcecode.swift; path = WeaponsStatsViewController.swift; sourceTree = "<group>"; };
		C3D015582714E5F200A8BAC8 /* ChosenCategoryViewController.swift */ = {isa = PBXFileReference; lastKnownFileType = sourcecode.swift; path = ChosenCategoryViewController.swift; sourceTree = "<group>"; };
/* End PBXFileReference section */

/* Begin PBXFrameworksBuildPhase section */
		C36B6FFA270CCD3D00E641D5 /* Frameworks */ = {
			isa = PBXFrameworksBuildPhase;
			buildActionMask = 2147483647;
			files = (
				DE864E323B8A431F0F097959 /* Pods_CSDB_working.framework in Frameworks */,
			);
			runOnlyForDeploymentPostprocessing = 0;
		};
/* End PBXFrameworksBuildPhase section */

/* Begin PBXGroup section */
		A495A577E11F522011FA2AB2 /* Pods */ = {
			isa = PBXGroup;
			children = (
				00C90AEA621EB4C741F8A0C8 /* Pods-CSDB-working.debug.xcconfig */,
				9C1BE6A2B0BE83249243FE5E /* Pods-CSDB-working.release.xcconfig */,
			);
			path = Pods;
			sourceTree = "<group>";
		};
		C36B6FF4270CCD3D00E641D5 = {
			isa = PBXGroup;
			children = (
				C36B6FFF270CCD3D00E641D5 /* CSDB-working */,
				C36B6FFE270CCD3D00E641D5 /* Products */,
				A495A577E11F522011FA2AB2 /* Pods */,
				E04BFEAE12D522A0621B8794 /* Frameworks */,
			);
			sourceTree = "<group>";
		};
		C36B6FFE270CCD3D00E641D5 /* Products */ = {
			isa = PBXGroup;
			children = (
				C36B6FFD270CCD3D00E641D5 /* CSDB-working.app */,
			);
			name = Products;
			sourceTree = "<group>";
		};
		C36B6FFF270CCD3D00E641D5 /* CSDB-working */ = {
			isa = PBXGroup;
			children = (
				C3B668AF270F787700161C21 /* Models */,
				C3B668AE270F787100161C21 /* Views */,
				C3B668AD270F786200161C21 /* Controllers */,
				C36B7000270CCD3D00E641D5 /* AppDelegate.swift */,
				C36B7002270CCD3D00E641D5 /* SceneDelegate.swift */,
				C36B7009270CCD4000E641D5 /* Assets.xcassets */,
				C36B700E270CCD4000E641D5 /* Info.plist */,
			);
			path = "CSDB-working";
			sourceTree = "<group>";
		};
		C3B668AD270F786200161C21 /* Controllers */ = {
			isa = PBXGroup;
			children = (
				C36B7004270CCD3D00E641D5 /* HomeViewController.swift */,
				C36B7014270CF26C00E641D5 /* PlayerStatsViewController.swift */,
				C3D015542714D02000A8BAC8 /* WeaponsStatsViewController.swift */,
				C3D015582714E5F200A8BAC8 /* ChosenCategoryViewController.swift */,
				C373CA012716A77F002E6877 /* SideMenuViewController.swift */,
			);
			path = Controllers;
			sourceTree = "<group>";
		};
		C3B668AE270F787100161C21 /* Views */ = {
			isa = PBXGroup;
			children = (
				C36B7006270CCD3D00E641D5 /* Main.storyboard */,
				C36B700B270CCD4000E641D5 /* LaunchScreen.storyboard */,
			);
			path = Views;
			sourceTree = "<group>";
		};
		C3B668AF270F787700161C21 /* Models */ = {
			isa = PBXGroup;
			children = (
				C3B668B0270F789700161C21 /* PlayerRequestManager.swift */,
				C3B668B4270F825E00161C21 /* PlayerData.swift */,
				C3B668B6270F8C4F00161C21 /* PlayerModel.swift */,
			);
			path = Models;
			sourceTree = "<group>";
		};
		E04BFEAE12D522A0621B8794 /* Frameworks */ = {
			isa = PBXGroup;
			children = (
				A7D912D74249CD251F02A74C /* Pods_CSDB_working.framework */,
			);
			name = Frameworks;
			sourceTree = "<group>";
		};
/* End PBXGroup section */

/* Begin PBXNativeTarget section */
		C36B6FFC270CCD3D00E641D5 /* CSDB-working */ = {
			isa = PBXNativeTarget;
			buildConfigurationList = C36B7011270CCD4000E641D5 /* Build configuration list for PBXNativeTarget "CSDB-working" */;
			buildPhases = (
				668F72ECFE02D4443236C8EC /* [CP] Check Pods Manifest.lock */,
				C36B6FF9270CCD3D00E641D5 /* Sources */,
				C36B6FFA270CCD3D00E641D5 /* Frameworks */,
				C36B6FFB270CCD3D00E641D5 /* Resources */,
				A0568D5CE2BE703900AC1043 /* [CP] Embed Pods Frameworks */,
			);
			buildRules = (
			);
			dependencies = (
			);
			name = "CSDB-working";
			productName = "CSDB-working";
			productReference = C36B6FFD270CCD3D00E641D5 /* CSDB-working.app */;
			productType = "com.apple.product-type.application";
		};
/* End PBXNativeTarget section */

/* Begin PBXProject section */
		C36B6FF5270CCD3D00E641D5 /* Project object */ = {
			isa = PBXProject;
			attributes = {
				BuildIndependentTargetsInParallel = 1;
				LastSwiftUpdateCheck = 1300;
				LastUpgradeCheck = 1300;
				TargetAttributes = {
					C36B6FFC270CCD3D00E641D5 = {
						CreatedOnToolsVersion = 13.0;
					};
				};
			};
			buildConfigurationList = C36B6FF8270CCD3D00E641D5 /* Build configuration list for PBXProject "CSDB-working" */;
			compatibilityVersion = "Xcode 13.0";
			developmentRegion = en;
			hasScannedForEncodings = 0;
			knownRegions = (
				en,
				Base,
			);
			mainGroup = C36B6FF4270CCD3D00E641D5;
			productRefGroup = C36B6FFE270CCD3D00E641D5 /* Products */;
			projectDirPath = "";
			projectRoot = "";
			targets = (
				C36B6FFC270CCD3D00E641D5 /* CSDB-working */,
			);
		};
/* End PBXProject section */

/* Begin PBXResourcesBuildPhase section */
		C36B6FFB270CCD3D00E641D5 /* Resources */ = {
			isa = PBXResourcesBuildPhase;
			buildActionMask = 2147483647;
			files = (
				C36B700D270CCD4000E641D5 /* LaunchScreen.storyboard in Resources */,
				C36B700A270CCD4000E641D5 /* Assets.xcassets in Resources */,
				C36B7008270CCD3D00E641D5 /* Main.storyboard in Resources */,
			);
			runOnlyForDeploymentPostprocessing = 0;
		};
/* End PBXResourcesBuildPhase section */

/* Begin PBXShellScriptBuildPhase section */
		668F72ECFE02D4443236C8EC /* [CP] Check Pods Manifest.lock */ = {
			isa = PBXShellScriptBuildPhase;
			buildActionMask = 2147483647;
			files = (
			);
			inputFileListPaths = (
			);
			inputPaths = (
				"${PODS_PODFILE_DIR_PATH}/Podfile.lock",
				"${PODS_ROOT}/Manifest.lock",
			);
			name = "[CP] Check Pods Manifest.lock";
			outputFileListPaths = (
			);
			outputPaths = (
				"$(DERIVED_FILE_DIR)/Pods-CSDB-working-checkManifestLockResult.txt",
			);
			runOnlyForDeploymentPostprocessing = 0;
			shellPath = /bin/sh;
			shellScript = "diff \"${PODS_PODFILE_DIR_PATH}/Podfile.lock\" \"${PODS_ROOT}/Manifest.lock\" > /dev/null\nif [ $? != 0 ] ; then\n    # print error to STDERR\n    echo \"error: The sandbox is not in sync with the Podfile.lock. Run 'pod install' or update your CocoaPods installation.\" >&2\n    exit 1\nfi\n# This output is used by Xcode 'outputs' to avoid re-running this script phase.\necho \"SUCCESS\" > \"${SCRIPT_OUTPUT_FILE_0}\"\n";
			showEnvVarsInLog = 0;
		};
		A0568D5CE2BE703900AC1043 /* [CP] Embed Pods Frameworks */ = {
			isa = PBXShellScriptBuildPhase;
			buildActionMask = 2147483647;
			files = (
			);
			inputFileListPaths = (
				"${PODS_ROOT}/Target Support Files/Pods-CSDB-working/Pods-CSDB-working-frameworks-${CONFIGURATION}-input-files.xcfilelist",
			);
			name = "[CP] Embed Pods Frameworks";
			outputFileListPaths = (
				"${PODS_ROOT}/Target Support Files/Pods-CSDB-working/Pods-CSDB-working-frameworks-${CONFIGURATION}-output-files.xcfilelist",
			);
			runOnlyForDeploymentPostprocessing = 0;
			shellPath = /bin/sh;
			shellScript = "\"${PODS_ROOT}/Target Support Files/Pods-CSDB-working/Pods-CSDB-working-frameworks.sh\"\n";
			showEnvVarsInLog = 0;
		};
/* End PBXShellScriptBuildPhase section */

/* Begin PBXSourcesBuildPhase section */
		C36B6FF9270CCD3D00E641D5 /* Sources */ = {
			isa = PBXSourcesBuildPhase;
			buildActionMask = 2147483647;
			files = (
				C3B668B5270F825E00161C21 /* PlayerData.swift in Sources */,
				C36B7005270CCD3D00E641D5 /* HomeViewController.swift in Sources */,
				C36B7015270CF26C00E641D5 /* PlayerStatsViewController.swift in Sources */,
				C3D015592714E5F200A8BAC8 /* ChosenCategoryViewController.swift in Sources */,
				C36B7001270CCD3D00E641D5 /* AppDelegate.swift in Sources */,
				C3D015552714D02000A8BAC8 /* WeaponsStatsViewController.swift in Sources */,
				C36B7003270CCD3D00E641D5 /* SceneDelegate.swift in Sources */,
				C3B668B1270F789700161C21 /* PlayerRequestManager.swift in Sources */,
				C373CA022716A77F002E6877 /* SideMenuViewController.swift in Sources */,
				C3B668B7270F8C4F00161C21 /* PlayerModel.swift in Sources */,
			);
			runOnlyForDeploymentPostprocessing = 0;
		};
/* End PBXSourcesBuildPhase section */

/* Begin PBXVariantGroup section */
		C36B7006270CCD3D00E641D5 /* Main.storyboard */ = {
			isa = PBXVariantGroup;
			children = (
				C36B7007270CCD3D00E641D5 /* Base */,
			);
			name = Main.storyboard;
			sourceTree = "<group>";
		};
		C36B700B270CCD4000E641D5 /* LaunchScreen.storyboard */ = {
			isa = PBXVariantGroup;
			children = (
				C36B700C270CCD4000E641D5 /* Base */,
			);
			name = LaunchScreen.storyboard;
			sourceTree = "<group>";
		};
/* End PBXVariantGroup section */

/* Begin XCBuildConfiguration section */
		C36B700F270CCD4000E641D5 /* Debug */ = {
			isa = XCBuildConfiguration;
			buildSettings = {
				ALWAYS_SEARCH_USER_PATHS = NO;
				CLANG_ANALYZER_NONNULL = YES;
				CLANG_ANALYZER_NUMBER_OBJECT_CONVERSION = YES_AGGRESSIVE;
				CLANG_CXX_LANGUAGE_STANDARD = "gnu++17";
				CLANG_CXX_LIBRARY = "libc++";
				CLANG_ENABLE_MODULES = YES;
				CLANG_ENABLE_OBJC_ARC = YES;
				CLANG_ENABLE_OBJC_WEAK = YES;
				CLANG_WARN_BLOCK_CAPTURE_AUTORELEASING = YES;
				CLANG_WARN_BOOL_CONVERSION = YES;
				CLANG_WARN_COMMA = YES;
				CLANG_WARN_CONSTANT_CONVERSION = YES;
				CLANG_WARN_DEPRECATED_OBJC_IMPLEMENTATIONS = YES;
				CLANG_WARN_DIRECT_OBJC_ISA_USAGE = YES_ERROR;
				CLANG_WARN_DOCUMENTATION_COMMENTS = YES;
				CLANG_WARN_EMPTY_BODY = YES;
				CLANG_WARN_ENUM_CONVERSION = YES;
				CLANG_WARN_INFINITE_RECURSION = YES;
				CLANG_WARN_INT_CONVERSION = YES;
				CLANG_WARN_NON_LITERAL_NULL_CONVERSION = YES;
				CLANG_WARN_OBJC_IMPLICIT_RETAIN_SELF = YES;
				CLANG_WARN_OBJC_LITERAL_CONVERSION = YES;
				CLANG_WARN_OBJC_ROOT_CLASS = YES_ERROR;
				CLANG_WARN_QUOTED_INCLUDE_IN_FRAMEWORK_HEADER = YES;
				CLANG_WARN_RANGE_LOOP_ANALYSIS = YES;
				CLANG_WARN_STRICT_PROTOTYPES = YES;
				CLANG_WARN_SUSPICIOUS_MOVE = YES;
				CLANG_WARN_UNGUARDED_AVAILABILITY = YES_AGGRESSIVE;
				CLANG_WARN_UNREACHABLE_CODE = YES;
				CLANG_WARN__DUPLICATE_METHOD_MATCH = YES;
				COPY_PHASE_STRIP = NO;
				DEBUG_INFORMATION_FORMAT = dwarf;
				ENABLE_STRICT_OBJC_MSGSEND = YES;
				ENABLE_TESTABILITY = YES;
				GCC_C_LANGUAGE_STANDARD = gnu11;
				GCC_DYNAMIC_NO_PIC = NO;
				GCC_NO_COMMON_BLOCKS = YES;
				GCC_OPTIMIZATION_LEVEL = 0;
				GCC_PREPROCESSOR_DEFINITIONS = (
					"DEBUG=1",
					"$(inherited)",
				);
				GCC_WARN_64_TO_32_BIT_CONVERSION = YES;
				GCC_WARN_ABOUT_RETURN_TYPE = YES_ERROR;
				GCC_WARN_UNDECLARED_SELECTOR = YES;
				GCC_WARN_UNINITIALIZED_AUTOS = YES_AGGRESSIVE;
				GCC_WARN_UNUSED_FUNCTION = YES;
				GCC_WARN_UNUSED_VARIABLE = YES;
				IPHONEOS_DEPLOYMENT_TARGET = 15.0;
				MTL_ENABLE_DEBUG_INFO = INCLUDE_SOURCE;
				MTL_FAST_MATH = YES;
				ONLY_ACTIVE_ARCH = YES;
				SDKROOT = iphoneos;
				SWIFT_ACTIVE_COMPILATION_CONDITIONS = DEBUG;
				SWIFT_OPTIMIZATION_LEVEL = "-Onone";
			};
			name = Debug;
		};
		C36B7010270CCD4000E641D5 /* Release */ = {
			isa = XCBuildConfiguration;
			buildSettings = {
				ALWAYS_SEARCH_USER_PATHS = NO;
				CLANG_ANALYZER_NONNULL = YES;
				CLANG_ANALYZER_NUMBER_OBJECT_CONVERSION = YES_AGGRESSIVE;
				CLANG_CXX_LANGUAGE_STANDARD = "gnu++17";
				CLANG_CXX_LIBRARY = "libc++";
				CLANG_ENABLE_MODULES = YES;
				CLANG_ENABLE_OBJC_ARC = YES;
				CLANG_ENABLE_OBJC_WEAK = YES;
				CLANG_WARN_BLOCK_CAPTURE_AUTORELEASING = YES;
				CLANG_WARN_BOOL_CONVERSION = YES;
				CLANG_WARN_COMMA = YES;
				CLANG_WARN_CONSTANT_CONVERSION = YES;
				CLANG_WARN_DEPRECATED_OBJC_IMPLEMENTATIONS = YES;
				CLANG_WARN_DIRECT_OBJC_ISA_USAGE = YES_ERROR;
				CLANG_WARN_DOCUMENTATION_COMMENTS = YES;
				CLANG_WARN_EMPTY_BODY = YES;
				CLANG_WARN_ENUM_CONVERSION = YES;
				CLANG_WARN_INFINITE_RECURSION = YES;
				CLANG_WARN_INT_CONVERSION = YES;
				CLANG_WARN_NON_LITERAL_NULL_CONVERSION = YES;
				CLANG_WARN_OBJC_IMPLICIT_RETAIN_SELF = YES;
				CLANG_WARN_OBJC_LITERAL_CONVERSION = YES;
				CLANG_WARN_OBJC_ROOT_CLASS = YES_ERROR;
				CLANG_WARN_QUOTED_INCLUDE_IN_FRAMEWORK_HEADER = YES;
				CLANG_WARN_RANGE_LOOP_ANALYSIS = YES;
				CLANG_WARN_STRICT_PROTOTYPES = YES;
				CLANG_WARN_SUSPICIOUS_MOVE = YES;
				CLANG_WARN_UNGUARDED_AVAILABILITY = YES_AGGRESSIVE;
				CLANG_WARN_UNREACHABLE_CODE = YES;
				CLANG_WARN__DUPLICATE_METHOD_MATCH = YES;
				COPY_PHASE_STRIP = NO;
				DEBUG_INFORMATION_FORMAT = "dwarf-with-dsym";
				ENABLE_NS_ASSERTIONS = NO;
				ENABLE_STRICT_OBJC_MSGSEND = YES;
				GCC_C_LANGUAGE_STANDARD = gnu11;
				GCC_NO_COMMON_BLOCKS = YES;
				GCC_WARN_64_TO_32_BIT_CONVERSION = YES;
				GCC_WARN_ABOUT_RETURN_TYPE = YES_ERROR;
				GCC_WARN_UNDECLARED_SELECTOR = YES;
				GCC_WARN_UNINITIALIZED_AUTOS = YES_AGGRESSIVE;
				GCC_WARN_UNUSED_FUNCTION = YES;
				GCC_WARN_UNUSED_VARIABLE = YES;
				IPHONEOS_DEPLOYMENT_TARGET = 15.0;
				MTL_ENABLE_DEBUG_INFO = NO;
				MTL_FAST_MATH = YES;
				SDKROOT = iphoneos;
				SWIFT_COMPILATION_MODE = wholemodule;
				SWIFT_OPTIMIZATION_LEVEL = "-O";
				VALIDATE_PRODUCT = YES;
			};
			name = Release;
		};
		C36B7012270CCD4000E641D5 /* Debug */ = {
			isa = XCBuildConfiguration;
			baseConfigurationReference = 00C90AEA621EB4C741F8A0C8 /* Pods-CSDB-working.debug.xcconfig */;
			buildSettings = {
				ASSETCATALOG_COMPILER_APPICON_NAME = AppIcon;
				ASSETCATALOG_COMPILER_GLOBAL_ACCENT_COLOR_NAME = AccentColor;
				ASSETCATALOG_COMPILER_INCLUDE_ALL_APPICON_ASSETS = YES;
				CODE_SIGN_STYLE = Automatic;
				CURRENT_PROJECT_VERSION = 1;
				DEVELOPMENT_TEAM = QW5Q4DEJR2;
				GENERATE_INFOPLIST_FILE = YES;
				INFOPLIST_FILE = "CSDB-working/Info.plist";
				INFOPLIST_KEY_CFBundleDisplayName = "CS:DB";
				INFOPLIST_KEY_UIApplicationSupportsIndirectInputEvents = YES;
				INFOPLIST_KEY_UILaunchStoryboardName = LaunchScreen;
				INFOPLIST_KEY_UIMainStoryboardFile = Main;
				INFOPLIST_KEY_UISupportedInterfaceOrientations = UIInterfaceOrientationPortrait;
				INFOPLIST_KEY_UISupportedInterfaceOrientations_iPad = "UIInterfaceOrientationPortrait UIInterfaceOrientationPortraitUpsideDown UIInterfaceOrientationLandscapeLeft UIInterfaceOrientationLandscapeRight";
				INFOPLIST_KEY_UISupportedInterfaceOrientations_iPhone = "UIInterfaceOrientationPortrait UIInterfaceOrientationLandscapeLeft UIInterfaceOrientationLandscapeRight";
				LD_RUNPATH_SEARCH_PATHS = (
					"$(inherited)",
					"@executable_path/Frameworks",
				);
				MARKETING_VERSION = 1.0;
				PRODUCT_BUNDLE_IDENTIFIER = "com.iSpimbi.CSDB-working";
				PRODUCT_NAME = "$(TARGET_NAME)";
				SWIFT_EMIT_LOC_STRINGS = YES;
				SWIFT_VERSION = 5.0;
				TARGETED_DEVICE_FAMILY = 1;
			};
			name = Debug;
		};
		C36B7013270CCD4000E641D5 /* Release */ = {
			isa = XCBuildConfiguration;
			baseConfigurationReference = 9C1BE6A2B0BE83249243FE5E /* Pods-CSDB-working.release.xcconfig */;
			buildSettings = {
				ASSETCATALOG_COMPILER_APPICON_NAME = AppIcon;
				ASSETCATALOG_COMPILER_GLOBAL_ACCENT_COLOR_NAME = AccentColor;
				ASSETCATALOG_COMPILER_INCLUDE_ALL_APPICON_ASSETS = YES;
				CODE_SIGN_STYLE = Automatic;
				CURRENT_PROJECT_VERSION = 1;
				DEVELOPMENT_TEAM = QW5Q4DEJR2;
				GENERATE_INFOPLIST_FILE = YES;
				INFOPLIST_FILE = "CSDB-working/Info.plist";
				INFOPLIST_KEY_CFBundleDisplayName = "CS:DB";
				INFOPLIST_KEY_UIApplicationSupportsIndirectInputEvents = YES;
				INFOPLIST_KEY_UILaunchStoryboardName = LaunchScreen;
				INFOPLIST_KEY_UIMainStoryboardFile = Main;
				INFOPLIST_KEY_UISupportedInterfaceOrientations = UIInterfaceOrientationPortrait;
				INFOPLIST_KEY_UISupportedInterfaceOrientations_iPad = "UIInterfaceOrientationPortrait UIInterfaceOrientationPortraitUpsideDown UIInterfaceOrientationLandscapeLeft UIInterfaceOrientationLandscapeRight";
				INFOPLIST_KEY_UISupportedInterfaceOrientations_iPhone = "UIInterfaceOrientationPortrait UIInterfaceOrientationLandscapeLeft UIInterfaceOrientationLandscapeRight";
				LD_RUNPATH_SEARCH_PATHS = (
					"$(inherited)",
					"@executable_path/Frameworks",
				);
				MARKETING_VERSION = 1.0;
				PRODUCT_BUNDLE_IDENTIFIER = "com.iSpimbi.CSDB-working";
				PRODUCT_NAME = "$(TARGET_NAME)";
				SWIFT_EMIT_LOC_STRINGS = YES;
				SWIFT_VERSION = 5.0;
				TARGETED_DEVICE_FAMILY = 1;
			};
			name = Release;
		};
/* End XCBuildConfiguration section */

/* Begin XCConfigurationList section */
		C36B6FF8270CCD3D00E641D5 /* Build configuration list for PBXProject "CSDB-working" */ = {
			isa = XCConfigurationList;
			buildConfigurations = (
				C36B700F270CCD4000E641D5 /* Debug */,
				C36B7010270CCD4000E641D5 /* Release */,
			);
			defaultConfigurationIsVisible = 0;
			defaultConfigurationName = Release;
		};
		C36B7011270CCD4000E641D5 /* Build configuration list for PBXNativeTarget "CSDB-working" */ = {
			isa = XCConfigurationList;
			buildConfigurations = (
				C36B7012270CCD4000E641D5 /* Debug */,
				C36B7013270CCD4000E641D5 /* Release */,
			);
			defaultConfigurationIsVisible = 0;
			defaultConfigurationName = Release;
		};
/* End XCConfigurationList section */
	};
	rootObject = C36B6FF5270CCD3D00E641D5 /* Project object */;
}
